"node_modules/nipplejs": {
      "version": "1.0.4",
      "resolved": "https://registry.npmjs.org/nipplejs/-/nipplejs-1.0.4.tgz",
      "integrity": "sha512-YtvRZDuyWQ+tOj0nUjfnZt4ZQmJVWfK9+yPmV5OXpQ4k4AkOGcSfKvSXbPNkV0ERqc4eakkBSZ7/Wyx1y6h/Sg==",
      "license": "MIT"
    },
    "node_modules/obug": {
      "version": "2.1.3",
      "resolved": "https://registry.npmjs.org/obug/-/obug-2.1.3.tgz",
      "integrity": "sha512-9miFgM2OFba7hB+pRgvtV84pYTBaoTHohvmIgiRt6dRIzbwEOIaNaP+dIlGs2fNFoB0SeISs0Jz5WFVRid6Xyg==",
      "dev": true,
      "funding": [
        "https://github.com/sponsors/sxzz",
        "https://opencollective.com/debug"
      ],
      "license": "MIT",
      "engines": {
        "node": ">=12.20.0"
      }
    },
    "node_modules/oxlint": {